# THIS IS AN AUTOGENERATED FILE. DO NOT EDIT THIS FILE DIRECTLY.
# yarn lockfile v1


"@types/jquery@^3.5.14":
  "integrity" "sha512-X1gtMRMbziVQkErhTQmSe2jFwwENA/Zr+PprCkF63vFq+Yt5PZ4AlKqgmeNlwgn7dhsXEK888eIW2520EpC+xg=="
  "resolved" "https://registry.npmjs.org/@types/jquery/-/jquery-3.5.14.tgz"
  "version" "3.5.14"
  dependencies:
    "@types/sizzle" "*"

"@types/sizzle@*":
  "integrity" "sha512-JYM8x9EGF163bEyhdJBpR2QX1R5naCJHC8ucJylJ3w9/CVBaskdQ8WqBf8MmQrd1kRvp/a4TS8HJ+bxzR7ZJYQ=="
  "resolved" "https://registry.npmjs.org/@types/sizzle/-/sizzle-2.3.3.tgz"
  "version" "2.3.3"

"jquery@^3.6.1":
  "integrity" "sha512-opJeO4nCucVnsjiXOE+/PcCgYw9Gwpvs/a6B1LL/lQhwWwpbVEVYDZ1FokFr8PRc7ghYlrFPuyHuiiDNTQxmcw=="
  "resolved" "https://registry.npmjs.org/jquery/-/jquery-3.6.1.tgz"
  "version" "3.6.1"

"typescript@^4.8.2":
  "integrity" "sha512-C0I1UsrrDHo2fYI5oaCGbSejwX4ch+9Y5jTQELvovfmFkK3HHSZJB8MSJcWLmCUBzQBchCrZ9rMRV6GuNrvGtw=="
  "resolved" "https://registry.npmjs.org/typescript/-/typescript-4.8.2.tgz"
  "version" "4.8.2"
